
Microsoft Visual Studio Solution File, Format Version 12.00
# Visual Studio 15
Project("{FAE04EC0-301F-11D3-BF4B-00C04F79EFBC}") = "TableTennisLeague.SPA", "TableTennisLeague\TableTennisLeague.SPA.csproj", "{5C942689-BD45-46C3-9305-41F2DBDE9F68}"
EndProject
Project("{FAE04EC0-301F-11D3-BF4B-00C04F79EFBC}") = "TableTennisLeague.EloRanker", "TableTennisLeague.EloRanker\TableTennisLeague.EloRanker.csproj", "{1A2163F5-BB59-4A95-8646-0410C464F5AD}"
EndProject
Project("{FAE04EC0-301F-11D3-BF4B-00C04F79EFBC}") = "TableTennisLeague.Data", "TableTennisLeague.Data\TableTennisLeague.Data.csproj", "{77CAC898-4247-4963-85F8-FA2D0AAA4006}"
EndProject
Project("{FAE04EC0-301F-11D3-BF4B-00C04F79EFBC}") = "TableTennisLeague.EloRanker.Tests", "TableTennisLeague.EloRanker.Tests\TableTennisLeague.EloRanker.Tests.csproj", "{31FA655F-AECB-4AA2-8865-0460942E0063}"
EndProject
Global
	GlobalSection(SolutionConfigurationPlatforms) = preSolution
		Debug|Any CPU = Debug|Any CPU
		Release|Any CPU = Release|Any CPU
	EndGlobalSection
	GlobalSection(ProjectConfigurationPlatforms) = postSolution
		{5C942689-BD45-46C3-9305-41F2DBDE9F68}.Debug|Any CPU.ActiveCfg = Debug|Any CPU
		{5C942689-BD45-46C3-9305-41F2DBDE9F68}.Debug|Any CPU.Build.0 = Debug|Any CPU
		{5C942689-BD45-46C3-9305-41F2DBDE9F68}.Release|Any CPU.ActiveCfg = Release|Any CPU
		{5C942689-BD45-46C3-9305-41F2DBDE9F68}.Release|Any CPU.Build.0 = Release|Any CPU
		{1A2163F5-BB59-4A95-8646-0410C464F5AD}.Debug|Any CPU.ActiveCfg = Debug|Any CPU
		{1A2163F5-BB59-4A95-8646-0410C464F5AD}.Debug|Any CPU.Build.0 = Debug|Any CPU
		{1A2163F5-BB59-4A95-8646-0410C464F5AD}.Release|Any CPU.ActiveCfg = Release|Any CPU
		{1A2163F5-BB59-4A95-8646-0410C464F5AD}.Release|Any CPU.Build.0 = Release|Any CPU
		{77CAC898-4247-4963-85F8-FA2D0AAA4006}.Debug|Any CPU.ActiveCfg = Debug|Any CPU
		{77CAC898-4247-4963-85F8-FA2D0AAA4006}.Debug|Any CPU.Build.0 = Debug|Any CPU
		{77CAC898-4247-4963-85F8-FA2D0AAA4006}.Release|Any CPU.ActiveCfg = Release|Any CPU
		{77CAC898-4247-4963-85F8-FA2D0AAA4006}.Release|Any CPU.Build.0 = Release|Any CPU
		{31FA655F-AECB-4AA2-8865-0460942E0063}.Debug|Any CPU.ActiveCfg = Debug|Any CPU
		{31FA655F-AECB-4AA2-8865-0460942E0063}.Debug|Any CPU.Build.0 = Debug|Any CPU
		{31FA655F-AECB-4AA2-8865-0460942E0063}.Release|Any CPU.ActiveCfg = Release|Any CPU
		{31FA655F-AECB-4AA2-8865-0460942E0063}.Release|Any CPU.Build.0 = Release|Any CPU
	EndGlobalSection
EndGlobal
